github.com/creack/pty v1.1.24 h1:bJrF4RRfyJnbTJqzRLHzcGaZK1NeM5kTC9jGgovnR1s=
github.com/creack/pty v1.1.24/go.mod h1:08sCNb52WyoAwi2QDyzUCTgcvVFhUzewun7wtTfvcwE=
github.com/noxylang/noxy/sdk/noxyplugin v0.1.1 h1:LqOJbXafbX8pWLGRHnI1C8usLzCeNT542WbH85AOhwU=
github.com/noxylang/noxy/sdk/noxyplugin v0.1.1/go.mod h1:wuzGfzFX0eAhjOMqngTOiGpH+EotAHjXoPas3LRlClY=
golang.org/x/sys v0.47.0 h1:o7XGOvZQCADBQQ4Y7VNq2dRWQR7JmOUW8Kxx4ZsNgWs=
golang.org/x/sys v0.47.0/go.mod h1:4GL1E5IUh+htKOUEOaiffhrAeqysfVGipDYzABqnCmw=
